
Microsoft Visual Studio Solution File, Format Version 12.00
# Visual Studio Version 17
VisualStudioVersion = 17.14.35906.104
MinimumVisualStudioVersion = 10.0.40219.1
Project("{8BC9CEB8-8B4A-11D0-8D11-00A0C91BC942}") = "函数", "函数.vcxproj", "{532E6868-2971-4032-AFE9-A3AC1E291460}"
EndProject
Global
	GlobalSection(SolutionConfigurationPlatforms) = preSolution
		Debug|x64 = Debug|x64
		Debug|x86 = Debug|x86
		Release|x64 = Release|x64
		Release|x86 = Release|x86
	EndGlobalSection
	GlobalSection(ProjectConfigurationPlatforms) = postSolution
		{532E6868-2971-4032-AFE9-A3AC1E291460}.Debug|x64.ActiveCfg = Debug|x64
		{532E6868-2971-4032-AFE9-A3AC1E291460}.Debug|x64.Build.0 = Debug|x64
		{532E6868-2971-4032-AFE9-A3AC1E291460}.Debug|x86.ActiveCfg = Debug|Win32
		{532E6868-2971-4032-AFE9-A3AC1E291460}.Debug|x86.Build.0 = Debug|Win32
		{532E6868-2971-4032-AFE9-A3AC1E291460}.Release|x64.ActiveCfg = Release|x64
		{532E6868-2971-4032-AFE9-A3AC1E291460}.Release|x64.Build.0 = Release|x64
		{532E6868-2971-4032-AFE9-A3AC1E291460}.Release|x86.ActiveCfg = Release|Win32
		{532E6868-2971-4032-AFE9-A3AC1E291460}.Release|x86.Build.0 = Release|Win32
	EndGlobalSection
	GlobalSection(SolutionProperties) = preSolution
		HideSolutionNode = FALSE
	EndGlobalSection
	GlobalSection(ExtensibilityGlobals) = postSolution
		SolutionGuid = {37930F1A-AC29-48A5-911F-250B41770E55}
	EndGlobalSection
EndGlobal
